
Microsoft Visual Studio Solution File, Format Version 12.00
# Visual Studio Version 17
VisualStudioVersion = 17.2.32616.157
MinimumVisualStudioVersion = 10.0.40219.1
Project("{FAE04EC0-301F-11D3-BF4B-00C04F79EFBC}") = "Combination", "Combination.csproj", "{DFBFA497-5C36-4E53-BC87-95348A718D28}"
EndProject
Global
	GlobalSection(SolutionConfigurationPlatforms) = preSolution
		Debug|Any CPU = Debug|Any CPU
		Release|Any CPU = Release|Any CPU
	EndGlobalSection
	GlobalSection(ProjectConfigurationPlatforms) = postSolution
		{DFBFA497-5C36-4E53-BC87-95348A718D28}.Debug|Any CPU.ActiveCfg = Debug|Any CPU
		{DFBFA497-5C36-4E53-BC87-95348A718D28}.Debug|Any CPU.Build.0 = Debug|Any CPU
		{DFBFA497-5C36-4E53-BC87-95348A718D28}.Release|Any CPU.ActiveCfg = Release|Any CPU
		{DFBFA497-5C36-4E53-BC87-95348A718D28}.Release|Any CPU.Build.0 = Release|Any CPU
	EndGlobalSection
	GlobalSection(SolutionProperties) = preSolution
		HideSolutionNode = FALSE
	EndGlobalSection
	GlobalSection(ExtensibilityGlobals) = postSolution
		SolutionGuid = {8EDA0E82-C1BB-48A9-8CC0-9CECDEFDA711}
	EndGlobalSection
EndGlobal
